
Microsoft Visual Studio Solution File, Format Version 12.00
Project("{FAE04EC0-301F-11D3-BF4B-00C04F79EFBC}") = "calculator", "calculator.csproj", "{BF9A2921-8013-4AED-886C-D9989670D75D}"
EndProject
Global
	GlobalSection(SolutionConfigurationPlatforms) = preSolution
		Debug|Any CPU = Debug|Any CPU
		Release|Any CPU = Release|Any CPU
	EndGlobalSection
	GlobalSection(ProjectConfigurationPlatforms) = postSolution
		{BF9A2921-8013-4AED-886C-D9989670D75D}.Debug|Any CPU.ActiveCfg = Debug|Any CPU
		{BF9A2921-8013-4AED-886C-D9989670D75D}.Debug|Any CPU.Build.0 = Debug|Any CPU
		{BF9A2921-8013-4AED-886C-D9989670D75D}.Release|Any CPU.ActiveCfg = Release|Any CPU
		{BF9A2921-8013-4AED-886C-D9989670D75D}.Release|Any CPU.Build.0 = Release|Any CPU
	EndGlobalSection
EndGlobal
