
Microsoft Visual Studio Solution File, Format Version 12.00
Project("{FAE04EC0-301F-11D3-BF4B-00C04F79EFBC}") = "BankAccount", "BankAccount.csproj", "{047BCA0A-0721-449D-9E04-6F3780C3A021}"
EndProject
Global
	GlobalSection(SolutionConfigurationPlatforms) = preSolution
		Debug|Any CPU = Debug|Any CPU
		Release|Any CPU = Release|Any CPU
	EndGlobalSection
	GlobalSection(ProjectConfigurationPlatforms) = postSolution
		{047BCA0A-0721-449D-9E04-6F3780C3A021}.Debug|Any CPU.ActiveCfg = Debug|Any CPU
		{047BCA0A-0721-449D-9E04-6F3780C3A021}.Debug|Any CPU.Build.0 = Debug|Any CPU
		{047BCA0A-0721-449D-9E04-6F3780C3A021}.Release|Any CPU.ActiveCfg = Release|Any CPU
		{047BCA0A-0721-449D-9E04-6F3780C3A021}.Release|Any CPU.Build.0 = Release|Any CPU
	EndGlobalSection
EndGlobal
