
Microsoft Visual Studio Solution File, Format Version 12.00
Project("{FAE04EC0-301F-11D3-BF4B-00C04F79EFBC}") = "SalaryCalc", "SalaryCalc.csproj", "{D5C6436D-166D-4F0D-80B5-FCD24757BC9D}"
EndProject
Global
	GlobalSection(SolutionConfigurationPlatforms) = preSolution
		Debug|Any CPU = Debug|Any CPU
		Release|Any CPU = Release|Any CPU
	EndGlobalSection
	GlobalSection(ProjectConfigurationPlatforms) = postSolution
		{D5C6436D-166D-4F0D-80B5-FCD24757BC9D}.Debug|Any CPU.ActiveCfg = Debug|Any CPU
		{D5C6436D-166D-4F0D-80B5-FCD24757BC9D}.Debug|Any CPU.Build.0 = Debug|Any CPU
		{D5C6436D-166D-4F0D-80B5-FCD24757BC9D}.Release|Any CPU.ActiveCfg = Release|Any CPU
		{D5C6436D-166D-4F0D-80B5-FCD24757BC9D}.Release|Any CPU.Build.0 = Release|Any CPU
	EndGlobalSection
EndGlobal
