
Microsoft Visual Studio Solution File, Format Version 12.00
Project("{FAE04EC0-301F-11D3-BF4B-00C04F79EFBC}") = "EstoqueLoja", "EstoqueLoja.csproj", "{468D9630-D16F-4CF8-AE4E-4A232DDA678A}"
EndProject
Global
	GlobalSection(SolutionConfigurationPlatforms) = preSolution
		Debug|Any CPU = Debug|Any CPU
		Release|Any CPU = Release|Any CPU
	EndGlobalSection
	GlobalSection(ProjectConfigurationPlatforms) = postSolution
		{468D9630-D16F-4CF8-AE4E-4A232DDA678A}.Debug|Any CPU.ActiveCfg = Debug|Any CPU
		{468D9630-D16F-4CF8-AE4E-4A232DDA678A}.Debug|Any CPU.Build.0 = Debug|Any CPU
		{468D9630-D16F-4CF8-AE4E-4A232DDA678A}.Release|Any CPU.ActiveCfg = Release|Any CPU
		{468D9630-D16F-4CF8-AE4E-4A232DDA678A}.Release|Any CPU.Build.0 = Release|Any CPU
	EndGlobalSection
EndGlobal
